<?xml version="1.0" encoding="utf-8"?>
<Project ToolsVersion="4.0" xmlns="http://schemas.microsoft.com/developer/msbuild/2003">
  <ItemGroup>
    <Filter Include="源文件">
      <UniqueIdentifier>{f33f9ea0-3648-46e1-9f0f-944ea5741664}</UniqueIdentifier>
    </Filter>
    <Filter Include="生成的文件">
      <UniqueIdentifier>{c1510c0f-2dea-49d3-adb0-8ca8801504dd}</UniqueIdentifier>
      <SourceControlFiles>False</SourceControlFiles>
    </Filter>
  </ItemGroup>
  <ItemGroup>
    <None Include="ATLProject2ps.def" />
  </ItemGroup>
  <ItemGroup>
    <ClCompile Include="ATLProject2_i.c">
      <Filter>生成的文件</Filter>
    </ClCompile>
    <ClCompile Include="ATLProject2_p.c">
      <Filter>生成的文件</Filter>
    </ClCompile>
    <ClCompile Include="dlldata.c">
      <Filter>生成的文件</Filter>
    </ClCompile>
  </ItemGroup>
</Project>